
Microsoft Visual Studio Solution File, Format Version 12.00
# Visual Studio Version 17
VisualStudioVersion = 17.7.34031.279
MinimumVisualStudioVersion = 10.0.40219.1
Project("{9A19103F-16F7-4668-BE54-9A1E7A4F7556}") = "EmployeeManagement", "EmployeeManagement.csproj", "{2EDBB022-CCBF-4368-9C56-1CBB89BA23B7}"
EndProject
Global
	GlobalSection(SolutionConfigurationPlatforms) = preSolution
		Debug|Any CPU = Debug|Any CPU
		Release|Any CPU = Release|Any CPU
	EndGlobalSection
	GlobalSection(ProjectConfigurationPlatforms) = postSolution
		{2EDBB022-CCBF-4368-9C56-1CBB89BA23B7}.Debug|Any CPU.ActiveCfg = Debug|Any CPU
		{2EDBB022-CCBF-4368-9C56-1CBB89BA23B7}.Debug|Any CPU.Build.0 = Debug|Any CPU
		{2EDBB022-CCBF-4368-9C56-1CBB89BA23B7}.Release|Any CPU.ActiveCfg = Release|Any CPU
		{2EDBB022-CCBF-4368-9C56-1CBB89BA23B7}.Release|Any CPU.Build.0 = Release|Any CPU
	EndGlobalSection
	GlobalSection(SolutionProperties) = preSolution
		HideSolutionNode = FALSE
	EndGlobalSection
	GlobalSection(ExtensibilityGlobals) = postSolution
		SolutionGuid = {8472CCC2-FBE9-4756-870B-0198D3BCF214}
	EndGlobalSection
EndGlobal
